// !$*UTF8*$!
{
	archiveVersion = 1;
	classes = {
	};
	objectVersion = 46;
	objects = {

/* Begin PBXBuildFile section */
		8478FABB1CE5F7DC00499EF9 /* AppDelegate.swift in Sources */ = {isa = PBXBuildFile; fileRef = 8478FABA1CE5F7DC00499EF9 /* AppDelegate.swift */; };
		8478FABD1CE5F7DC00499EF9 /* ViewController.swift in Sources */ = {isa = PBXBuildFile; fileRef = 8478FABC1CE5F7DC00499EF9 /* ViewController.swift */; };
		8478FAC01CE5F7DC00499EF9 /* Main.storyboard in Resources */ = {isa = PBXBuildFile; fileRef = 8478FABE1CE5F7DC00499EF9 /* Main.storyboard */; };
		8478FAC21CE5F7DC00499EF9 /* Assets.xcassets in Resources */ = {isa = PBXBuildFile; fileRef = 8478FAC11CE5F7DC00499EF9 /* Assets.xcassets */; };
		8478FAC51CE5F7DC00499EF9 /* LaunchScreen.storyboard in Resources */ = {isa = PBXBuildFile; fileRef = 8478FAC31CE5F7DC00499EF9 /* LaunchScreen.storyboard */; };
/* End PBXBuildFile section */

/* Begin PBXFileReference section */
		8478FAB71CE5F7DC00499EF9 /* MultipleImagePicker.app */ = {isa = PBXFileReference; explicitFileType = wrapper.application; includeInIndex = 0; path = MultipleImagePicker.app; sourceTree = BUILT_PRODUCTS_DIR; };
		8478FABA1CE5F7DC00499EF9 /* AppDelegate.swift */ = {isa = PBXFileReference; lastKnownFileType = sourcecode.swift; path = AppDelegate.swift; sourceTree = "<group>"; };
		8478FABC1CE5F7DC00499EF9 /* ViewController.swift */ = {isa = PBXFileReference; lastKnownFileType = sourcecode.swift; path = ViewController.swift; sourceTree = "<group>"; };
		8478FABF1CE5F7DC00499EF9 /* Base */ = {isa = PBXFileReference; lastKnownFileType = file.storyboard; name = Base; path = Base.lproj/Main.storyboard; sourceTree = "<group>"; };
		8478FAC11CE5F7DC00499EF9 /* Assets.xcassets */ = {isa = PBXFileReference; lastKnownFileType = folder.assetcatalog; path = Assets.xcassets; sourceTree = "<group>"; };
		8478FAC41CE5F7DC00499EF9 /* Base */ = {isa = PBXFileReference; lastKnownFileType = file.storyboard; name = Base; path = Base.lproj/LaunchScreen.storyboard; sourceTree = "<group>"; };
		8478FAC61CE5F7DC00499EF9 /* Info.plist */ = {isa = PBXFileReference; lastKnownFileType = text.plist.xml; path = Info.plist; sourceTree = "<group>"; };
/* End PBXFileReference section */

/* Begin PBXFrameworksBuildPhase section */
		8478FAB41CE5F7DC00499EF9 /* Frameworks */ = {
			isa = PBXFrameworksBuildPhase;
			buildActionMask = 2147483647;
			files = (
			);
			runOnlyForDeploymentPostprocessing = 0;
		};
/* End PBXFrameworksBuildPhase section */

/* Begin PBXGroup section */
		8478FAAE1CE5F7DC00499EF9 = {
			isa = PBXGroup;
			children = (
				8478FAB91CE5F7DC00499EF9 /* MultipleImagePicker */,
				8478FAB81CE5F7DC00499EF9 /* Products */,
			);
			sourceTree = "<group>";
		};
		8478FAB81CE5F7DC00499EF9 /* Products */ = {
			isa = PBXGroup;
			children = (
				8478FAB71CE5F7DC00499EF9 /* MultipleImagePicker.app */,
			);
			name = Products;
			sourceTree = "<group>";
		};
		8478FAB91CE5F7DC00499EF9 /* MultipleImagePicker */ = {
			isa = PBXGroup;
			children = (
				8478FABA1CE5F7DC00499EF9 /* AppDelegate.swift */,
				8478FABC1CE5F7DC00499EF9 /* ViewController.swift */,
				8478FABE1CE5F7DC00499EF9 /* Main.storyboard */,
				8478FAC11CE5F7DC00499EF9 /* Assets.xcassets */,
				8478FAC31CE5F7DC00499EF9 /* LaunchScreen.storyboard */,
				8478FAC61CE5F7DC00499EF9 /* Info.plist */,
			);
			path = MultipleImagePicker;
			sourceTree = "<group>";
		};
/* End PBXGroup section */

/* Begin PBXNativeTarget section */
		8478FAB61CE5F7DC00499EF9 /* MultipleImagePicker */ = {
			isa = PBXNativeTarget;
			buildConfigurationList = 8478FAC91CE5F7DC00499EF9 /* Build configuration list for PBXNativeTarget "MultipleImagePicker" */;
			buildPhases = (
				8478FAB31CE5F7DC00499EF9 /* Sources */,
				8478FAB41CE5F7DC00499EF9 /* Frameworks */,
				8478FAB51CE5F7DC00499EF9 /* Resources */,
			);
			buildRules = (
			);
			dependencies = (
			);
			name = MultipleImagePicker;
			productName = MultipleImagePicker;
			productReference = 8478FAB71CE5F7DC00499EF9 /* MultipleImagePicker.app */;
			productType = "com.apple.product-type.application";
		};
/* End PBXNativeTarget section */

/* Begin PBXProject section */
		8478FAAF1CE5F7DC00499EF9 /* Project object */ = {
			isa = PBXProject;
			attributes = {
				LastSwiftUpdateCheck = 0730;
				LastUpgradeCheck = 0730;
				ORGANIZATIONNAME = BatCoder;
				TargetAttributes = {
					8478FAB61CE5F7DC00499EF9 = {
						CreatedOnToolsVersion = 7.3.1;
					};
				};
			};
			buildConfigurationList = 8478FAB21CE5F7DC00499EF9 /* Build configuration list for PBXProject "MultipleImagePicker" */;
			compatibilityVersion = "Xcode 3.2";
			developmentRegion = English;
			hasScannedForEncodings = 0;
			knownRegions = (
				en,
				Base,
			);
			mainGroup = 8478FAAE1CE5F7DC00499EF9;
			productRefGroup = 8478FAB81CE5F7DC00499EF9 /* Products */;
			projectDirPath = "";
			projectRoot = "";
			targets = (
				8478FAB61CE5F7DC00499EF9 /* MultipleImagePicker */,
			);
		};
/* End PBXProject section */

/* Begin PBXResourcesBuildPhase section */
		8478FAB51CE5F7DC00499EF9 /* Resources */ = {
			isa = PBXResourcesBuildPhase;
			buildActionMask = 2147483647;
			files = (
				8478FAC51CE5F7DC00499EF9 /* LaunchScreen.storyboard in Resources */,
				8478FAC21CE5F7DC00499EF9 /* Assets.xcassets in Resources */,
				8478FAC01CE5F7DC00499EF9 /* Main.storyboard in Resources */,
			);
			runOnlyForDeploymentPostprocessing = 0;
		};
/* End PBXResourcesBuildPhase section */

/* Begin PBXSourcesBuildPhase section */
		8478FAB31CE5F7DC00499EF9 /* Sources */ = {
			isa = PBXSourcesBuildPhase;
			buildActionMask = 2147483647;
			files = (
				8478FABD1CE5F7DC00499EF9 /* ViewController.swift in Sources */,
				8478FABB1CE5F7DC00499EF9 /* AppDelegate.swift in Sources */,
			);
			runOnlyForDeploymentPostprocessing = 0;
		};
/* End PBXSourcesBuildPhase section */

/* Begin PBXVariantGroup section */
		8478FABE1CE5F7DC00499EF9 /* Main.storyboard */ = {
			isa = PBXVariantGroup;
			children = (
				8478FABF1CE5F7DC00499EF9 /* Base */,
			);
			name = Main.storyboard;
			sourceTree = "<group>";
		};
		8478FAC31CE5F7DC00499EF9 /* LaunchScreen.storyboard */ = {
			isa = PBXVariantGroup;
			children = (
				8478FAC41CE5F7DC00499EF9 /* Base */,
			);
			name = LaunchScreen.storyboard;
			sourceTree = "<group>";
		};
/* End PBXVariantGroup section */

/* Begin XCBuildConfiguration section */
		8478FAC71CE5F7DC00499EF9 /* Debug */ = {
			isa = XCBuildConfiguration;
			buildSettings = {
				ALWAYS_SEARCH_USER_PATHS = NO;
				CLANG_ANALYZER_NONNULL = YES;
				CLANG_CXX_LANGUAGE_STANDARD = "gnu++0x";
				CLANG_CXX_LIBRARY = "libc++";
				CLANG_ENABLE_MODULES = YES;
				CLANG_ENABLE_OBJC_ARC = YES;
				CLANG_WARN_BOOL_CONVERSION = YES;
				CLANG_WARN_CONSTANT_CONVERSION = YES;
				CLANG_WARN_DIRECT_OBJC_ISA_USAGE = YES_ERROR;
				CLANG_WARN_EMPTY_BODY = YES;
				CLANG_WARN_ENUM_CONVERSION = YES;
				CLANG_WARN_INT_CONVERSION = YES;
				CLANG_WARN_OBJC_ROOT_CLASS = YES_ERROR;
				CLANG_WARN_UNREACHABLE_CODE = YES;
				CLANG_WARN__DUPLICATE_METHOD_MATCH = YES;
				"CODE_SIGN_IDENTITY[sdk=iphoneos*]" = "iPhone Developer";
				COPY_PHASE_STRIP = NO;
				DEBUG_INFORMATION_FORMAT = dwarf;
				ENABLE_STRICT_OBJC_MSGSEND = YES;
				ENABLE_TESTABILITY = YES;
				GCC_C_LANGUAGE_STANDARD = gnu99;
				GCC_DYNAMIC_NO_PIC = NO;
				GCC_NO_COMMON_BLOCKS = YES;
				GCC_OPTIMIZATION_LEVEL = 0;
				GCC_PREPROCESSOR_DEFINITIONS = (
					"DEBUG=1",
					"$(inherited)",
				);
				GCC_WARN_64_TO_32_BIT_CONVERSION = YES;
				GCC_WARN_ABOUT_RETURN_TYPE = YES_ERROR;
				GCC_WARN_UNDECLARED_SELECTOR = YES;
				GCC_WARN_UNINITIALIZED_AUTOS = YES_AGGRESSIVE;
				GCC_WARN_UNUSED_FUNCTION = YES;
				GCC_WARN_UNUSED_VARIABLE = YES;
				IPHONEOS_DEPLOYMENT_TARGET = 9.3;
				MTL_ENABLE_DEBUG_INFO = YES;
				ONLY_ACTIVE_ARCH = YES;
				SDKROOT = iphoneos;
				SWIFT_OPTIMIZATION_LEVEL = "-Onone";
				TARGETED_DEVICE_FAMILY = "1,2";
			};
			name = Debug;
		};
		8478FAC81CE5F7DC00499EF9 /* Release */ = {
			isa = XCBuildConfiguration;
			buildSettings = {
				ALWAYS_SEARCH_USER_PATHS = NO;
				CLANG_ANALYZER_NONNULL = YES;
				CLANG_CXX_LANGUAGE_STANDARD = "gnu++0x";
				CLANG_CXX_LIBRARY = "libc++";
				CLANG_ENABLE_MODULES = YES;
				CLANG_ENABLE_OBJC_ARC = YES;
				CLANG_WARN_BOOL_CONVERSION = YES;
				CLANG_WARN_CONSTANT_CONVERSION = YES;
				CLANG_WARN_DIRECT_OBJC_ISA_USAGE = YES_ERROR;
				CLANG_WARN_EMPTY_BODY = YES;
				CLANG_WARN_ENUM_CONVERSION = YES;
				CLANG_WARN_INT_CONVERSION = YES;
				CLANG_WARN_OBJC_ROOT_CLASS = YES_ERROR;
				CLANG_WARN_UNREACHABLE_CODE = YES;
				CLANG_WARN__DUPLICATE_METHOD_MATCH = YES;
				"CODE_SIGN_IDENTITY[sdk=iphoneos*]" = "iPhone Developer";
				COPY_PHASE_STRIP = NO;
				DEBUG_INFORMATION_FORMAT = "dwarf-with-dsym";
				ENABLE_NS_ASSERTIONS = NO;
				ENABLE_STRICT_OBJC_MSGSEND = YES;
				GCC_C_LANGUAGE_STANDARD = gnu99;
				GCC_NO_COMMON_BLOCKS = YES;
				GCC_WARN_64_TO_32_BIT_CONVERSION = YES;
				GCC_WARN_ABOUT_RETURN_TYPE = YES_ERROR;
				GCC_WARN_UNDECLARED_SELECTOR = YES;
				GCC_WARN_UNINITIALIZED_AUTOS = YES_AGGRESSIVE;
				GCC_WARN_UNUSED_FUNCTION = YES;
				GCC_WARN_UNUSED_VARIABLE = YES;
				IPHONEOS_DEPLOYMENT_TARGET = 9.3;
				MTL_ENABLE_DEBUG_INFO = NO;
				SDKROOT = iphoneos;
				TARGETED_DEVICE_FAMILY = "1,2";
				VALIDATE_PRODUCT = YES;
			};
			name = Release;
		};
		8478FACA1CE5F7DC00499EF9 /* Debug */ = {
			isa = XCBuildConfiguration;
			buildSettings = {
				ASSETCATALOG_COMPILER_APPICON_NAME = AppIcon;
				INFOPLIST_FILE = MultipleImagePicker/Info.plist;
				LD_RUNPATH_SEARCH_PATHS = "$(inherited) @executable_path/Frameworks";
				PRODUCT_BUNDLE_IDENTIFIER = com.smozgur.MultipleImagePicker;
				PRODUCT_NAME = "$(TARGET_NAME)";
			};
			name = Debug;
		};
		8478FACB1CE5F7DC00499EF9 /* Release */ = {
			isa = XCBuildConfiguration;
			buildSettings = {
				ASSETCATALOG_COMPILER_APPICON_NAME = AppIcon;
				INFOPLIST_FILE = MultipleImagePicker/Info.plist;
				LD_RUNPATH_SEARCH_PATHS = "$(inherited) @executable_path/Frameworks";
				PRODUCT_BUNDLE_IDENTIFIER = com.smozgur.MultipleImagePicker;
				PRODUCT_NAME = "$(TARGET_NAME)";
			};
			name = Release;
		};
/* End XCBuildConfiguration section */

/* Begin XCConfigurationList section */
		8478FAB21CE5F7DC00499EF9 /* Build configuration list for PBXProject "MultipleImagePicker" */ = {
			isa = XCConfigurationList;
			buildConfigurations = (
				8478FAC71CE5F7DC00499EF9 /* Debug */,
				8478FAC81CE5F7DC00499EF9 /* Release */,
			);
			defaultConfigurationIsVisible = 0;
			defaultConfigurationName = Release;
		};
		8478FAC91CE5F7DC00499EF9 /* Build configuration list for PBXNativeTarget "MultipleImagePicker" */ = {
			isa = XCConfigurationList;
			buildConfigurations = (
				8478FACA1CE5F7DC00499EF9 /* Debug */,
				8478FACB1CE5F7DC00499EF9 /* Release */,
			);
			defaultConfigurationIsVisible = 0;
		};
/* End XCConfigurationList section */
	};
	rootObject = 8478FAAF1CE5F7DC00499EF9 /* Project object */;
}
